
Microsoft Visual Studio Solution File, Format Version 12.00
# Visual Studio Version 16
VisualStudioVersion = 16.0.30804.86
MinimumVisualStudioVersion = 10.0.40219.1
Project("{FAE04EC0-301F-11D3-BF4B-00C04F79EFBC}") = "Esercizio_Gara", "Esercizio_Gara\Esercizio_Gara.csproj", "{358C606D-A7AF-46A0-8ACA-54C2DC85A056}"
EndProject
Global
	GlobalSection(SolutionConfigurationPlatforms) = preSolution
		Debug|Any CPU = Debug|Any CPU
		Release|Any CPU = Release|Any CPU
	EndGlobalSection
	GlobalSection(ProjectConfigurationPlatforms) = postSolution
		{358C606D-A7AF-46A0-8ACA-54C2DC85A056}.Debug|Any CPU.ActiveCfg = Debug|Any CPU
		{358C606D-A7AF-46A0-8ACA-54C2DC85A056}.Debug|Any CPU.Build.0 = Debug|Any CPU
		{358C606D-A7AF-46A0-8ACA-54C2DC85A056}.Release|Any CPU.ActiveCfg = Release|Any CPU
		{358C606D-A7AF-46A0-8ACA-54C2DC85A056}.Release|Any CPU.Build.0 = Release|Any CPU
	EndGlobalSection
	GlobalSection(SolutionProperties) = preSolution
		HideSolutionNode = FALSE
	EndGlobalSection
	GlobalSection(ExtensibilityGlobals) = postSolution
		SolutionGuid = {0B4F5305-DAA0-4A75-B6A4-477E8EAC2C2C}
	EndGlobalSection
EndGlobal
